
Microsoft Visual Studio Solution File, Format Version 12.00
# Visual Studio Version 16
VisualStudioVersion = 16.0.31205.134
MinimumVisualStudioVersion = 10.0.40219.1
Project("{9A19103F-16F7-4668-BE54-9A1E7A4F7556}") = "CountSameValueInArray", "CountSameValueInArray\CountSameValueInArray.csproj", "{323229DC-0AE5-4576-BB18-0FAC989C87DC}"
EndProject
Project("{9A19103F-16F7-4668-BE54-9A1E7A4F7556}") = "CitiesByContinentsAndCoutry", "CitiesByContinentsAndCoutry\CitiesByContinentsAndCoutry.csproj", "{0E4B1630-44A9-4291-BA8A-B54541654603}"
EndProject
Project("{FAE04EC0-301F-11D3-BF4B-00C04F79EFBC}") = "AverageStudentGrades", "AverageStudentGrades\AverageStudentGrades.csproj", "{CDCB16ED-A888-486E-AAE2-6F488197E5AB}"
EndProject
Project("{FAE04EC0-301F-11D3-BF4B-00C04F79EFBC}") = "ProductShop", "ProductShop\ProductShop.csproj", "{D188BC01-DCC4-41C4-AF5F-80FD4CAA6414}"
EndProject
Project("{FAE04EC0-301F-11D3-BF4B-00C04F79EFBC}") = "RecordUniqueNames", "RecordUniqueNames\RecordUniqueNames.csproj", "{400721F3-539A-4A8C-B58C-720FCE25F81E}"
EndProject
Project("{FAE04EC0-301F-11D3-BF4B-00C04F79EFBC}") = "ParkingLot", "ParkingLot\ParkingLot.csproj", "{1A295CFB-B4E8-468D-B5DC-4B46A097E83E}"
EndProject
Project("{FAE04EC0-301F-11D3-BF4B-00C04F79EFBC}") = "SoftUniParty", "SoftUniParty\SoftUniParty.csproj", "{1C05BDA4-DE92-473E-B5F1-648CB70E7A5D}"
EndProject
Global
	GlobalSection(SolutionConfigurationPlatforms) = preSolution
		Debug|Any CPU = Debug|Any CPU
		Release|Any CPU = Release|Any CPU
	EndGlobalSection
	GlobalSection(ProjectConfigurationPlatforms) = postSolution
		{323229DC-0AE5-4576-BB18-0FAC989C87DC}.Debug|Any CPU.ActiveCfg = Debug|Any CPU
		{323229DC-0AE5-4576-BB18-0FAC989C87DC}.Debug|Any CPU.Build.0 = Debug|Any CPU
		{323229DC-0AE5-4576-BB18-0FAC989C87DC}.Release|Any CPU.ActiveCfg = Release|Any CPU
		{323229DC-0AE5-4576-BB18-0FAC989C87DC}.Release|Any CPU.Build.0 = Release|Any CPU
		{0E4B1630-44A9-4291-BA8A-B54541654603}.Debug|Any CPU.ActiveCfg = Debug|Any CPU
		{0E4B1630-44A9-4291-BA8A-B54541654603}.Debug|Any CPU.Build.0 = Debug|Any CPU
		{0E4B1630-44A9-4291-BA8A-B54541654603}.Release|Any CPU.ActiveCfg = Release|Any CPU
		{0E4B1630-44A9-4291-BA8A-B54541654603}.Release|Any CPU.Build.0 = Release|Any CPU
		{CDCB16ED-A888-486E-AAE2-6F488197E5AB}.Debug|Any CPU.ActiveCfg = Debug|Any CPU
		{CDCB16ED-A888-486E-AAE2-6F488197E5AB}.Debug|Any CPU.Build.0 = Debug|Any CPU
		{CDCB16ED-A888-486E-AAE2-6F488197E5AB}.Release|Any CPU.ActiveCfg = Release|Any CPU
		{CDCB16ED-A888-486E-AAE2-6F488197E5AB}.Release|Any CPU.Build.0 = Release|Any CPU
		{D188BC01-DCC4-41C4-AF5F-80FD4CAA6414}.Debug|Any CPU.ActiveCfg = Debug|Any CPU
		{D188BC01-DCC4-41C4-AF5F-80FD4CAA6414}.Debug|Any CPU.Build.0 = Debug|Any CPU
		{D188BC01-DCC4-41C4-AF5F-80FD4CAA6414}.Release|Any CPU.ActiveCfg = Release|Any CPU
		{D188BC01-DCC4-41C4-AF5F-80FD4CAA6414}.Release|Any CPU.Build.0 = Release|Any CPU
		{400721F3-539A-4A8C-B58C-720FCE25F81E}.Debug|Any CPU.ActiveCfg = Debug|Any CPU
		{400721F3-539A-4A8C-B58C-720FCE25F81E}.Debug|Any CPU.Build.0 = Debug|Any CPU
		{400721F3-539A-4A8C-B58C-720FCE25F81E}.Release|Any CPU.ActiveCfg = Release|Any CPU
		{400721F3-539A-4A8C-B58C-720FCE25F81E}.Release|Any CPU.Build.0 = Release|Any CPU
		{1A295CFB-B4E8-468D-B5DC-4B46A097E83E}.Debug|Any CPU.ActiveCfg = Debug|Any CPU
		{1A295CFB-B4E8-468D-B5DC-4B46A097E83E}.Debug|Any CPU.Build.0 = Debug|Any CPU
		{1A295CFB-B4E8-468D-B5DC-4B46A097E83E}.Release|Any CPU.ActiveCfg = Release|Any CPU
		{1A295CFB-B4E8-468D-B5DC-4B46A097E83E}.Release|Any CPU.Build.0 = Release|Any CPU
		{1C05BDA4-DE92-473E-B5F1-648CB70E7A5D}.Debug|Any CPU.ActiveCfg = Debug|Any CPU
		{1C05BDA4-DE92-473E-B5F1-648CB70E7A5D}.Debug|Any CPU.Build.0 = Debug|Any CPU
		{1C05BDA4-DE92-473E-B5F1-648CB70E7A5D}.Release|Any CPU.ActiveCfg = Release|Any CPU
		{1C05BDA4-DE92-473E-B5F1-648CB70E7A5D}.Release|Any CPU.Build.0 = Release|Any CPU
	EndGlobalSection
	GlobalSection(SolutionProperties) = preSolution
		HideSolutionNode = FALSE
	EndGlobalSection
	GlobalSection(ExtensibilityGlobals) = postSolution
		SolutionGuid = {88AEA4D6-0EFC-4812-AD3C-989DC74834A6}
	EndGlobalSection
EndGlobal
